
Microsoft Visual Studio Solution File, Format Version 12.00
# Visual Studio Version 16
VisualStudioVersion = 16.0.30320.27
MinimumVisualStudioVersion = 10.0.40219.1
Project("{8BC9CEB8-8B4A-11D0-8D11-00A0C91BC942}") = "ConsoleApplication1", "ConsoleApplication1.vcxproj", "{AA6DDD10-CEE1-46B7-9A86-58B0D66DE15A}"
EndProject
Global
	GlobalSection(SolutionConfigurationPlatforms) = preSolution
		Debug|x64 = Debug|x64
		Debug|x86 = Debug|x86
		Release|x64 = Release|x64
		Release|x86 = Release|x86
	EndGlobalSection
	GlobalSection(ProjectConfigurationPlatforms) = postSolution
		{AA6DDD10-CEE1-46B7-9A86-58B0D66DE15A}.Debug|x64.ActiveCfg = Debug|x64
		{AA6DDD10-CEE1-46B7-9A86-58B0D66DE15A}.Debug|x64.Build.0 = Debug|x64
		{AA6DDD10-CEE1-46B7-9A86-58B0D66DE15A}.Debug|x86.ActiveCfg = Debug|Win32
		{AA6DDD10-CEE1-46B7-9A86-58B0D66DE15A}.Debug|x86.Build.0 = Debug|Win32
		{AA6DDD10-CEE1-46B7-9A86-58B0D66DE15A}.Release|x64.ActiveCfg = Release|x64
		{AA6DDD10-CEE1-46B7-9A86-58B0D66DE15A}.Release|x64.Build.0 = Release|x64
		{AA6DDD10-CEE1-46B7-9A86-58B0D66DE15A}.Release|x86.ActiveCfg = Release|Win32
		{AA6DDD10-CEE1-46B7-9A86-58B0D66DE15A}.Release|x86.Build.0 = Release|Win32
	EndGlobalSection
	GlobalSection(SolutionProperties) = preSolution
		HideSolutionNode = FALSE
	EndGlobalSection
	GlobalSection(ExtensibilityGlobals) = postSolution
		SolutionGuid = {8B26302B-AC5F-4AAE-8C52-6A25D77860DA}
	EndGlobalSection
EndGlobal
