
Microsoft Visual Studio Solution File, Format Version 12.00
# Visual Studio Version 16
VisualStudioVersion = 16.0.30320.27
MinimumVisualStudioVersion = 10.0.40219.1
Project("{8BC9CEB8-8B4A-11D0-8D11-00A0C91BC942}") = "C++中类的声明和定义分离", "C++中类的声明和定义.vcxproj", "{8F211972-C326-40EB-A2D8-EC8D021858D0}"
EndProject
Project("{8BC9CEB8-8B4A-11D0-8D11-00A0C91BC942}") = "CopyCtor", "CopyCtor\CopyCtor.vcxproj", "{73A2C548-B8D1-4351-ADDF-8D28257EF0ED}"
EndProject
Project("{8BC9CEB8-8B4A-11D0-8D11-00A0C91BC942}") = "Deepcopy", "Deepcopy\Deepcopy.vcxproj", "{1A771012-4A6A-48EA-9E94-6D2D13C2DB10}"
EndProject
Project("{8BC9CEB8-8B4A-11D0-8D11-00A0C91BC942}") = "Vector", "Vector\Vector.vcxproj", "{6B5D5579-C0AE-4B9D-A940-9D2CE7C752CC}"
EndProject
Project("{8BC9CEB8-8B4A-11D0-8D11-00A0C91BC942}") = "Stack", "Stack\Stack.vcxproj", "{F786269A-16C8-4C6A-9A26-08BFEE824727}"
EndProject
Project("{8BC9CEB8-8B4A-11D0-8D11-00A0C91BC942}") = "结构化绑定", "结构化绑定\结构化绑定.vcxproj", "{C233635E-B7E5-417C-BD0A-D705BFCC2C1B}"
EndProject
Project("{8BC9CEB8-8B4A-11D0-8D11-00A0C91BC942}") = "继承和多态", "继承和多态\继承和多态.vcxproj", "{FFC1CAD5-A1B3-4DF6-A738-5E0468933E73}"
EndProject
Project("{8BC9CEB8-8B4A-11D0-8D11-00A0C91BC942}") = "重定义函数和名字隐藏", "重定义函数和名字隐藏\重定义函数和名字隐藏.vcxproj", "{61E31461-49ED-413E-ABF6-C9A84E8C4ED1}"
EndProject
Project("{8BC9CEB8-8B4A-11D0-8D11-00A0C91BC942}") = "运行时多态", "运行时多态\运行时多态.vcxproj", "{15DC6489-31AE-41EC-A10F-EBEAD03355D9}"
EndProject
Project("{2150E333-8FDC-42A3-9474-1A3956D46DE8}") = "6单元以前", "6单元以前", "{AC14A6B5-D5F2-4C1A-A771-8F25D8D1C3A8}"
EndProject
Project("{2150E333-8FDC-42A3-9474-1A3956D46DE8}") = "7.文件的输入输出", "7.文件的输入输出", "{62F97D62-B37C-4A58-9117-E5FCC872163C}"
EndProject
Project("{8BC9CEB8-8B4A-11D0-8D11-00A0C91BC942}") = "访问属性", "访问属性\访问属性.vcxproj", "{71AD8F7C-474F-4DCA-A890-BA56EE302021}"
EndProject
Project("{8BC9CEB8-8B4A-11D0-8D11-00A0C91BC942}") = "抽象函数", "抽象函数\抽象函数.vcxproj", "{F52363FD-F417-47D7-8D6A-0C1E07ECFE4F}"
EndProject
Project("{8BC9CEB8-8B4A-11D0-8D11-00A0C91BC942}") = "path class", "path class\path class.vcxproj", "{A432F095-3DA7-4BA1-B7C8-DCF87645E9B2}"
EndProject
Project("{8BC9CEB8-8B4A-11D0-8D11-00A0C91BC942}") = "分解路径成分", "分解路径成分\分解路径成分.vcxproj", "{236700A6-28E4-4408-899D-196FE48F55AA}"
EndProject
Project("{8BC9CEB8-8B4A-11D0-8D11-00A0C91BC942}") = "特殊运算符", "特殊运算符\特殊运算符.vcxproj", "{B001F829-74BA-435B-8B7E-254B30D4675B}"
EndProject
Project("{8BC9CEB8-8B4A-11D0-8D11-00A0C91BC942}") = "带缓冲区的输入", "带缓冲区的输入\带缓冲区的输入.vcxproj", "{A89FC568-A62D-40A6-A87B-0DBB4D45AD34}"
EndProject
Project("{8BC9CEB8-8B4A-11D0-8D11-00A0C91BC942}") = "向文本内写入数据", "向文本内写入数据\向文本内写入数据.vcxproj", "{F5BDE5AF-39ED-4F54-AD8F-FEE952C978EB}"
EndProject
Project("{8BC9CEB8-8B4A-11D0-8D11-00A0C91BC942}") = "从文本读数据", "从文本读数据\从文本读数据.vcxproj", "{A29CFB10-620A-44F6-96FC-70C9AA2CD4FD}"
EndProject
Project("{8BC9CEB8-8B4A-11D0-8D11-00A0C91BC942}") = "格式化输入输出", "格式化输入输出\格式化输入输出.vcxproj", "{A7608CC4-C59A-42B1-977B-0D303D588ED3}"
EndProject
Global
	GlobalSection(SolutionConfigurationPlatforms) = preSolution
		Debug|x64 = Debug|x64
		Debug|x86 = Debug|x86
		Release|x64 = Release|x64
		Release|x86 = Release|x86
	EndGlobalSection
	GlobalSection(ProjectConfigurationPlatforms) = postSolution
		{8F211972-C326-40EB-A2D8-EC8D021858D0}.Debug|x64.ActiveCfg = Debug|x64
		{8F211972-C326-40EB-A2D8-EC8D021858D0}.Debug|x64.Build.0 = Debug|x64
		{8F211972-C326-40EB-A2D8-EC8D021858D0}.Debug|x86.ActiveCfg = Debug|Win32
		{8F211972-C326-40EB-A2D8-EC8D021858D0}.Debug|x86.Build.0 = Debug|Win32
		{8F211972-C326-40EB-A2D8-EC8D021858D0}.Release|x64.ActiveCfg = Release|x64
		{8F211972-C326-40EB-A2D8-EC8D021858D0}.Release|x64.Build.0 = Release|x64
		{8F211972-C326-40EB-A2D8-EC8D021858D0}.Release|x86.ActiveCfg = Release|Win32
		{8F211972-C326-40EB-A2D8-EC8D021858D0}.Release|x86.Build.0 = Release|Win32
		{73A2C548-B8D1-4351-ADDF-8D28257EF0ED}.Debug|x64.ActiveCfg = Debug|x64
		{73A2C548-B8D1-4351-ADDF-8D28257EF0ED}.Debug|x64.Build.0 = Debug|x64
		{73A2C548-B8D1-4351-ADDF-8D28257EF0ED}.Debug|x86.ActiveCfg = Debug|Win32
		{73A2C548-B8D1-4351-ADDF-8D28257EF0ED}.Debug|x86.Build.0 = Debug|Win32
		{73A2C548-B8D1-4351-ADDF-8D28257EF0ED}.Release|x64.ActiveCfg = Release|x64
		{73A2C548-B8D1-4351-ADDF-8D28257EF0ED}.Release|x64.Build.0 = Release|x64
		{73A2C548-B8D1-4351-ADDF-8D28257EF0ED}.Release|x86.ActiveCfg = Release|Win32
		{73A2C548-B8D1-4351-ADDF-8D28257EF0ED}.Release|x86.Build.0 = Release|Win32
		{1A771012-4A6A-48EA-9E94-6D2D13C2DB10}.Debug|x64.ActiveCfg = Debug|x64
		{1A771012-4A6A-48EA-9E94-6D2D13C2DB10}.Debug|x64.Build.0 = Debug|x64
		{1A771012-4A6A-48EA-9E94-6D2D13C2DB10}.Debug|x86.ActiveCfg = Debug|Win32
		{1A771012-4A6A-48EA-9E94-6D2D13C2DB10}.Debug|x86.Build.0 = Debug|Win32
		{1A771012-4A6A-48EA-9E94-6D2D13C2DB10}.Release|x64.ActiveCfg = Release|x64
		{1A771012-4A6A-48EA-9E94-6D2D13C2DB10}.Release|x64.Build.0 = Release|x64
		{1A771012-4A6A-48EA-9E94-6D2D13C2DB10}.Release|x86.ActiveCfg = Release|Win32
		{1A771012-4A6A-48EA-9E94-6D2D13C2DB10}.Release|x86.Build.0 = Release|Win32
		{6B5D5579-C0AE-4B9D-A940-9D2CE7C752CC}.Debug|x64.ActiveCfg = Debug|x64
		{6B5D5579-C0AE-4B9D-A940-9D2CE7C752CC}.Debug|x64.Build.0 = Debug|x64
		{6B5D5579-C0AE-4B9D-A940-9D2CE7C752CC}.Debug|x86.ActiveCfg = Debug|Win32
		{6B5D5579-C0AE-4B9D-A940-9D2CE7C752CC}.Debug|x86.Build.0 = Debug|Win32
		{6B5D5579-C0AE-4B9D-A940-9D2CE7C752CC}.Release|x64.ActiveCfg = Release|x64
		{6B5D5579-C0AE-4B9D-A940-9D2CE7C752CC}.Release|x64.Build.0 = Release|x64
		{6B5D5579-C0AE-4B9D-A940-9D2CE7C752CC}.Release|x86.ActiveCfg = Release|Win32
		{6B5D5579-C0AE-4B9D-A940-9D2CE7C752CC}.Release|x86.Build.0 = Release|Win32
		{F786269A-16C8-4C6A-9A26-08BFEE824727}.Debug|x64.ActiveCfg = Debug|x64
		{F786269A-16C8-4C6A-9A26-08BFEE824727}.Debug|x64.Build.0 = Debug|x64
		{F786269A-16C8-4C6A-9A26-08BFEE824727}.Debug|x86.ActiveCfg = Debug|Win32
		{F786269A-16C8-4C6A-9A26-08BFEE824727}.Debug|x86.Build.0 = Debug|Win32
		{F786269A-16C8-4C6A-9A26-08BFEE824727}.Release|x64.ActiveCfg = Release|x64
		{F786269A-16C8-4C6A-9A26-08BFEE824727}.Release|x64.Build.0 = Release|x64
		{F786269A-16C8-4C6A-9A26-08BFEE824727}.Release|x86.ActiveCfg = Release|Win32
		{F786269A-16C8-4C6A-9A26-08BFEE824727}.Release|x86.Build.0 = Release|Win32
		{C233635E-B7E5-417C-BD0A-D705BFCC2C1B}.Debug|x64.ActiveCfg = Debug|x64
		{C233635E-B7E5-417C-BD0A-D705BFCC2C1B}.Debug|x64.Build.0 = Debug|x64
		{C233635E-B7E5-417C-BD0A-D705BFCC2C1B}.Debug|x86.ActiveCfg = Debug|Win32
		{C233635E-B7E5-417C-BD0A-D705BFCC2C1B}.Debug|x86.Build.0 = Debug|Win32
		{C233635E-B7E5-417C-BD0A-D705BFCC2C1B}.Release|x64.ActiveCfg = Release|x64
		{C233635E-B7E5-417C-BD0A-D705BFCC2C1B}.Release|x64.Build.0 = Release|x64
		{C233635E-B7E5-417C-BD0A-D705BFCC2C1B}.Release|x86.ActiveCfg = Release|Win32
		{C233635E-B7E5-417C-BD0A-D705BFCC2C1B}.Release|x86.Build.0 = Release|Win32
		{FFC1CAD5-A1B3-4DF6-A738-5E0468933E73}.Debug|x64.ActiveCfg = Debug|x64
		{FFC1CAD5-A1B3-4DF6-A738-5E0468933E73}.Debug|x64.Build.0 = Debug|x64
		{FFC1CAD5-A1B3-4DF6-A738-5E0468933E73}.Debug|x86.ActiveCfg = Debug|Win32
		{FFC1CAD5-A1B3-4DF6-A738-5E0468933E73}.Debug|x86.Build.0 = Debug|Win32
		{FFC1CAD5-A1B3-4DF6-A738-5E0468933E73}.Release|x64.ActiveCfg = Release|x64
		{FFC1CAD5-A1B3-4DF6-A738-5E0468933E73}.Release|x64.Build.0 = Release|x64
		{FFC1CAD5-A1B3-4DF6-A738-5E0468933E73}.Release|x86.ActiveCfg = Release|Win32
		{FFC1CAD5-A1B3-4DF6-A738-5E0468933E73}.Release|x86.Build.0 = Release|Win32
		{61E31461-49ED-413E-ABF6-C9A84E8C4ED1}.Debug|x64.ActiveCfg = Debug|x64
		{61E31461-49ED-413E-ABF6-C9A84E8C4ED1}.Debug|x64.Build.0 = Debug|x64
		{61E31461-49ED-413E-ABF6-C9A84E8C4ED1}.Debug|x86.ActiveCfg = Debug|Win32
		{61E31461-49ED-413E-ABF6-C9A84E8C4ED1}.Debug|x86.Build.0 = Debug|Win32
		{61E31461-49ED-413E-ABF6-C9A84E8C4ED1}.Release|x64.ActiveCfg = Release|x64
		{61E31461-49ED-413E-ABF6-C9A84E8C4ED1}.Release|x64.Build.0 = Release|x64
		{61E31461-49ED-413E-ABF6-C9A84E8C4ED1}.Release|x86.ActiveCfg = Release|Win32
		{61E31461-49ED-413E-ABF6-C9A84E8C4ED1}.Release|x86.Build.0 = Release|Win32
		{15DC6489-31AE-41EC-A10F-EBEAD03355D9}.Debug|x64.ActiveCfg = Debug|x64
		{15DC6489-31AE-41EC-A10F-EBEAD03355D9}.Debug|x64.Build.0 = Debug|x64
		{15DC6489-31AE-41EC-A10F-EBEAD03355D9}.Debug|x86.ActiveCfg = Debug|Win32
		{15DC6489-31AE-41EC-A10F-EBEAD03355D9}.Debug|x86.Build.0 = Debug|Win32
		{15DC6489-31AE-41EC-A10F-EBEAD03355D9}.Release|x64.ActiveCfg = Release|x64
		{15DC6489-31AE-41EC-A10F-EBEAD03355D9}.Release|x64.Build.0 = Release|x64
		{15DC6489-31AE-41EC-A10F-EBEAD03355D9}.Release|x86.ActiveCfg = Release|Win32
		{15DC6489-31AE-41EC-A10F-EBEAD03355D9}.Release|x86.Build.0 = Release|Win32
		{71AD8F7C-474F-4DCA-A890-BA56EE302021}.Debug|x64.ActiveCfg = Debug|x64
		{71AD8F7C-474F-4DCA-A890-BA56EE302021}.Debug|x64.Build.0 = Debug|x64
		{71AD8F7C-474F-4DCA-A890-BA56EE302021}.Debug|x86.ActiveCfg = Debug|Win32
		{71AD8F7C-474F-4DCA-A890-BA56EE302021}.Debug|x86.Build.0 = Debug|Win32
		{71AD8F7C-474F-4DCA-A890-BA56EE302021}.Release|x64.ActiveCfg = Release|x64
		{71AD8F7C-474F-4DCA-A890-BA56EE302021}.Release|x64.Build.0 = Release|x64
		{71AD8F7C-474F-4DCA-A890-BA56EE302021}.Release|x86.ActiveCfg = Release|Win32
		{71AD8F7C-474F-4DCA-A890-BA56EE302021}.Release|x86.Build.0 = Release|Win32
		{F52363FD-F417-47D7-8D6A-0C1E07ECFE4F}.Debug|x64.ActiveCfg = Debug|x64
		{F52363FD-F417-47D7-8D6A-0C1E07ECFE4F}.Debug|x64.Build.0 = Debug|x64
		{F52363FD-F417-47D7-8D6A-0C1E07ECFE4F}.Debug|x86.ActiveCfg = Debug|Win32
		{F52363FD-F417-47D7-8D6A-0C1E07ECFE4F}.Debug|x86.Build.0 = Debug|Win32
		{F52363FD-F417-47D7-8D6A-0C1E07ECFE4F}.Release|x64.ActiveCfg = Release|x64
		{F52363FD-F417-47D7-8D6A-0C1E07ECFE4F}.Release|x64.Build.0 = Release|x64
		{F52363FD-F417-47D7-8D6A-0C1E07ECFE4F}.Release|x86.ActiveCfg = Release|Win32
		{F52363FD-F417-47D7-8D6A-0C1E07ECFE4F}.Release|x86.Build.0 = Release|Win32
		{A432F095-3DA7-4BA1-B7C8-DCF87645E9B2}.Debug|x64.ActiveCfg = Debug|x64
		{A432F095-3DA7-4BA1-B7C8-DCF87645E9B2}.Debug|x64.Build.0 = Debug|x64
		{A432F095-3DA7-4BA1-B7C8-DCF87645E9B2}.Debug|x86.ActiveCfg = Debug|Win32
		{A432F095-3DA7-4BA1-B7C8-DCF87645E9B2}.Debug|x86.Build.0 = Debug|Win32
		{A432F095-3DA7-4BA1-B7C8-DCF87645E9B2}.Release|x64.ActiveCfg = Release|x64
		{A432F095-3DA7-4BA1-B7C8-DCF87645E9B2}.Release|x64.Build.0 = Release|x64
		{A432F095-3DA7-4BA1-B7C8-DCF87645E9B2}.Release|x86.ActiveCfg = Release|Win32
		{A432F095-3DA7-4BA1-B7C8-DCF87645E9B2}.Release|x86.Build.0 = Release|Win32
		{236700A6-28E4-4408-899D-196FE48F55AA}.Debug|x64.ActiveCfg = Debug|x64
		{236700A6-28E4-4408-899D-196FE48F55AA}.Debug|x64.Build.0 = Debug|x64
		{236700A6-28E4-4408-899D-196FE48F55AA}.Debug|x86.ActiveCfg = Debug|Win32
		{236700A6-28E4-4408-899D-196FE48F55AA}.Debug|x86.Build.0 = Debug|Win32
		{236700A6-28E4-4408-899D-196FE48F55AA}.Release|x64.ActiveCfg = Release|x64
		{236700A6-28E4-4408-899D-196FE48F55AA}.Release|x64.Build.0 = Release|x64
		{236700A6-28E4-4408-899D-196FE48F55AA}.Release|x86.ActiveCfg = Release|Win32
		{236700A6-28E4-4408-899D-196FE48F55AA}.Release|x86.Build.0 = Release|Win32
		{B001F829-74BA-435B-8B7E-254B30D4675B}.Debug|x64.ActiveCfg = Debug|x64
		{B001F829-74BA-435B-8B7E-254B30D4675B}.Debug|x64.Build.0 = Debug|x64
		{B001F829-74BA-435B-8B7E-254B30D4675B}.Debug|x86.ActiveCfg = Debug|Win32
		{B001F829-74BA-435B-8B7E-254B30D4675B}.Debug|x86.Build.0 = Debug|Win32
		{B001F829-74BA-435B-8B7E-254B30D4675B}.Release|x64.ActiveCfg = Release|x64
		{B001F829-74BA-435B-8B7E-254B30D4675B}.Release|x64.Build.0 = Release|x64
		{B001F829-74BA-435B-8B7E-254B30D4675B}.Release|x86.ActiveCfg = Release|Win32
		{B001F829-74BA-435B-8B7E-254B30D4675B}.Release|x86.Build.0 = Release|Win32
		{A89FC568-A62D-40A6-A87B-0DBB4D45AD34}.Debug|x64.ActiveCfg = Debug|x64
		{A89FC568-A62D-40A6-A87B-0DBB4D45AD34}.Debug|x64.Build.0 = Debug|x64
		{A89FC568-A62D-40A6-A87B-0DBB4D45AD34}.Debug|x86.ActiveCfg = Debug|Win32
		{A89FC568-A62D-40A6-A87B-0DBB4D45AD34}.Debug|x86.Build.0 = Debug|Win32
		{A89FC568-A62D-40A6-A87B-0DBB4D45AD34}.Release|x64.ActiveCfg = Release|x64
		{A89FC568-A62D-40A6-A87B-0DBB4D45AD34}.Release|x64.Build.0 = Release|x64
		{A89FC568-A62D-40A6-A87B-0DBB4D45AD34}.Release|x86.ActiveCfg = Release|Win32
		{A89FC568-A62D-40A6-A87B-0DBB4D45AD34}.Release|x86.Build.0 = Release|Win32
		{F5BDE5AF-39ED-4F54-AD8F-FEE952C978EB}.Debug|x64.ActiveCfg = Debug|x64
		{F5BDE5AF-39ED-4F54-AD8F-FEE952C978EB}.Debug|x64.Build.0 = Debug|x64
		{F5BDE5AF-39ED-4F54-AD8F-FEE952C978EB}.Debug|x86.ActiveCfg = Debug|Win32
		{F5BDE5AF-39ED-4F54-AD8F-FEE952C978EB}.Debug|x86.Build.0 = Debug|Win32
		{F5BDE5AF-39ED-4F54-AD8F-FEE952C978EB}.Release|x64.ActiveCfg = Release|x64
		{F5BDE5AF-39ED-4F54-AD8F-FEE952C978EB}.Release|x64.Build.0 = Release|x64
		{F5BDE5AF-39ED-4F54-AD8F-FEE952C978EB}.Release|x86.ActiveCfg = Release|Win32
		{F5BDE5AF-39ED-4F54-AD8F-FEE952C978EB}.Release|x86.Build.0 = Release|Win32
		{A29CFB10-620A-44F6-96FC-70C9AA2CD4FD}.Debug|x64.ActiveCfg = Debug|x64
		{A29CFB10-620A-44F6-96FC-70C9AA2CD4FD}.Debug|x64.Build.0 = Debug|x64
		{A29CFB10-620A-44F6-96FC-70C9AA2CD4FD}.Debug|x86.ActiveCfg = Debug|Win32
		{A29CFB10-620A-44F6-96FC-70C9AA2CD4FD}.Debug|x86.Build.0 = Debug|Win32
		{A29CFB10-620A-44F6-96FC-70C9AA2CD4FD}.Release|x64.ActiveCfg = Release|x64
		{A29CFB10-620A-44F6-96FC-70C9AA2CD4FD}.Release|x64.Build.0 = Release|x64
		{A29CFB10-620A-44F6-96FC-70C9AA2CD4FD}.Release|x86.ActiveCfg = Release|Win32
		{A29CFB10-620A-44F6-96FC-70C9AA2CD4FD}.Release|x86.Build.0 = Release|Win32
		{A7608CC4-C59A-42B1-977B-0D303D588ED3}.Debug|x64.ActiveCfg = Debug|x64
		{A7608CC4-C59A-42B1-977B-0D303D588ED3}.Debug|x64.Build.0 = Debug|x64
		{A7608CC4-C59A-42B1-977B-0D303D588ED3}.Debug|x86.ActiveCfg = Debug|Win32
		{A7608CC4-C59A-42B1-977B-0D303D588ED3}.Debug|x86.Build.0 = Debug|Win32
		{A7608CC4-C59A-42B1-977B-0D303D588ED3}.Release|x64.ActiveCfg = Release|x64
		{A7608CC4-C59A-42B1-977B-0D303D588ED3}.Release|x64.Build.0 = Release|x64
		{A7608CC4-C59A-42B1-977B-0D303D588ED3}.Release|x86.ActiveCfg = Release|Win32
		{A7608CC4-C59A-42B1-977B-0D303D588ED3}.Release|x86.Build.0 = Release|Win32
	EndGlobalSection
	GlobalSection(SolutionProperties) = preSolution
		HideSolutionNode = FALSE
	EndGlobalSection
	GlobalSection(NestedProjects) = preSolution
		{8F211972-C326-40EB-A2D8-EC8D021858D0} = {AC14A6B5-D5F2-4C1A-A771-8F25D8D1C3A8}
		{73A2C548-B8D1-4351-ADDF-8D28257EF0ED} = {AC14A6B5-D5F2-4C1A-A771-8F25D8D1C3A8}
		{1A771012-4A6A-48EA-9E94-6D2D13C2DB10} = {AC14A6B5-D5F2-4C1A-A771-8F25D8D1C3A8}
		{6B5D5579-C0AE-4B9D-A940-9D2CE7C752CC} = {AC14A6B5-D5F2-4C1A-A771-8F25D8D1C3A8}
		{F786269A-16C8-4C6A-9A26-08BFEE824727} = {AC14A6B5-D5F2-4C1A-A771-8F25D8D1C3A8}
		{C233635E-B7E5-417C-BD0A-D705BFCC2C1B} = {AC14A6B5-D5F2-4C1A-A771-8F25D8D1C3A8}
		{FFC1CAD5-A1B3-4DF6-A738-5E0468933E73} = {AC14A6B5-D5F2-4C1A-A771-8F25D8D1C3A8}
		{61E31461-49ED-413E-ABF6-C9A84E8C4ED1} = {AC14A6B5-D5F2-4C1A-A771-8F25D8D1C3A8}
		{15DC6489-31AE-41EC-A10F-EBEAD03355D9} = {AC14A6B5-D5F2-4C1A-A771-8F25D8D1C3A8}
		{71AD8F7C-474F-4DCA-A890-BA56EE302021} = {62F97D62-B37C-4A58-9117-E5FCC872163C}
		{F52363FD-F417-47D7-8D6A-0C1E07ECFE4F} = {62F97D62-B37C-4A58-9117-E5FCC872163C}
		{A432F095-3DA7-4BA1-B7C8-DCF87645E9B2} = {62F97D62-B37C-4A58-9117-E5FCC872163C}
		{236700A6-28E4-4408-899D-196FE48F55AA} = {62F97D62-B37C-4A58-9117-E5FCC872163C}
		{B001F829-74BA-435B-8B7E-254B30D4675B} = {62F97D62-B37C-4A58-9117-E5FCC872163C}
		{A89FC568-A62D-40A6-A87B-0DBB4D45AD34} = {62F97D62-B37C-4A58-9117-E5FCC872163C}
		{F5BDE5AF-39ED-4F54-AD8F-FEE952C978EB} = {62F97D62-B37C-4A58-9117-E5FCC872163C}
		{A29CFB10-620A-44F6-96FC-70C9AA2CD4FD} = {62F97D62-B37C-4A58-9117-E5FCC872163C}
		{A7608CC4-C59A-42B1-977B-0D303D588ED3} = {62F97D62-B37C-4A58-9117-E5FCC872163C}
	EndGlobalSection
	GlobalSection(ExtensibilityGlobals) = postSolution
		SolutionGuid = {0F11186C-CAD5-43E6-8F24-9EAB5225237E}
	EndGlobalSection
EndGlobal
